lockfileVersion: '6.0'

settings:
  autoInstallPeers: true
  excludeLinksFromLockfile: false

dependencies:
  '@types/reflect-metadata':
    specifier: ^0.1.0
    version: 0.1.0
  reflect-metadata:
    specifier: ^0.1.13
    version: 0.1.13
  tslib:
    specifier: ^2.4.0
    version: 2.4.0

devDependencies:
  pnpm:
    specifier: ^7.33.4
    version: 7.33.4
  typescript:
    specifier: ^4.8.4
    version: 4.8.4

packages:

  /@types/reflect-metadata@0.1.0:
    resolution: {integrity: sha512-bXltFLY3qhzCnVYP5iUpeSICagQ8rc9K2liS+8M0lBcz54BHs3O6W5UvqespVSuebo1BXLi+/y9ioELAW9SC2A==}
    deprecated: This is a stub types definition for reflect-metadata (https://github.com/rbuckton/ReflectDecorators). reflect-metadata provides its own type definitions, so you don't need @types/reflect-metadata installed!
    dependencies:
      reflect-metadata: 0.1.13
    dev: false

  /pnpm@7.33.4:
    resolution: {integrity: sha512-xEbf/tkwHpGM/GXq5U/sDSiE6ykLPho+o71PHNRWqkVLm6dJe4G/5Pg619Ow32ovekrr7pii5qtfamujB/+1bA==}
    engines: {node: '>=14.6'}
    hasBin: true
    dev: true

  /reflect-metadata@0.1.13:
    resolution: {integrity: sha512-Ts1Y/anZELhSsjMcU605fU9RE4Oi3p5ORujwbIKXfWa+0Zxs510Qrmrce5/Jowq3cHSZSJqBjypxmHarc+vEWg==}
    dev: false

  /tslib@2.4.0:
    resolution: {integrity: sha512-d6xOpEDfsi2CZVlPQzGeux8XMwLT9hssAsaPYExaQMuYskwb+x1x7J371tWlbBdWHroy99KnVB6qIkUbs5X3UQ==}
    dev: false

  /typescript@4.8.4:
    resolution: {integrity: sha512-QCh+85mCy+h0IGff8r5XWzOVSbBO+KfeYrMQh7NJ58QujwcE22u+NUSmUxqF+un70P9GXKxa2HCNiTTMJknyjQ==}
    engines: {node: '>=4.2.0'}
    hasBin: true
    dev: true
